
Microsoft Visual Studio Solution File, Format Version 12.00
# Visual Studio Version 16
VisualStudioVersion = 16.0.810.23
MinimumVisualStudioVersion = 10.0.40219.1
Project("{FAE04EC0-301F-11D3-BF4B-00C04F79EFBC}") = "RestAPI", "RestAPI\RestAPI.csproj", "{BA6D7837-9590-43AD-97E1-5DE4152C75E1}"
EndProject
Global
	GlobalSection(SolutionConfigurationPlatforms) = preSolution
		Debug|Any CPU = Debug|Any CPU
		Release|Any CPU = Release|Any CPU
	EndGlobalSection
	GlobalSection(ProjectConfigurationPlatforms) = postSolution
		{BA6D7837-9590-43AD-97E1-5DE4152C75E1}.Debug|Any CPU.ActiveCfg = Debug|Any CPU
		{BA6D7837-9590-43AD-97E1-5DE4152C75E1}.Debug|Any CPU.Build.0 = Debug|Any CPU
		{BA6D7837-9590-43AD-97E1-5DE4152C75E1}.Release|Any CPU.ActiveCfg = Release|Any CPU
		{BA6D7837-9590-43AD-97E1-5DE4152C75E1}.Release|Any CPU.Build.0 = Release|Any CPU
	EndGlobalSection
	GlobalSection(SolutionProperties) = preSolution
		HideSolutionNode = FALSE
	EndGlobalSection
	GlobalSection(ExtensibilityGlobals) = postSolution
		SolutionGuid = {DC732B92-8812-438A-BB23-C2B1FB2745FD}
	EndGlobalSection
EndGlobal
